
Microsoft Visual Studio Solution File, Format Version 12.00
# Visual Studio Version 16
VisualStudioVersion = 16.0.30804.86
MinimumVisualStudioVersion = 10.0.40219.1
Project("{9A19103F-16F7-4668-BE54-9A1E7A4F7556}") = "IS", "IS\IS.csproj", "{9810F109-4EE0-4ABB-85CC-CB7690B67FF4}"
EndProject
Project("{9A19103F-16F7-4668-BE54-9A1E7A4F7556}") = "MVC", "MVC\MVC.csproj", "{BEEE1295-4857-4004-9136-7731E8D18543}"
EndProject
Project("{FAE04EC0-301F-11D3-BF4B-00C04F79EFBC}") = "API", "API\API.csproj", "{8C3DFF82-D84E-458E-83AF-FC76F9B4BB70}"
EndProject
Global
	GlobalSection(SolutionConfigurationPlatforms) = preSolution
		Debug|Any CPU = Debug|Any CPU
		Release|Any CPU = Release|Any CPU
	EndGlobalSection
	GlobalSection(ProjectConfigurationPlatforms) = postSolution
		{9810F109-4EE0-4ABB-85CC-CB7690B67FF4}.Debug|Any CPU.ActiveCfg = Debug|Any CPU
		{9810F109-4EE0-4ABB-85CC-CB7690B67FF4}.Debug|Any CPU.Build.0 = Debug|Any CPU
		{9810F109-4EE0-4ABB-85CC-CB7690B67FF4}.Release|Any CPU.ActiveCfg = Release|Any CPU
		{9810F109-4EE0-4ABB-85CC-CB7690B67FF4}.Release|Any CPU.Build.0 = Release|Any CPU
		{BEEE1295-4857-4004-9136-7731E8D18543}.Debug|Any CPU.ActiveCfg = Debug|Any CPU
		{BEEE1295-4857-4004-9136-7731E8D18543}.Debug|Any CPU.Build.0 = Debug|Any CPU
		{BEEE1295-4857-4004-9136-7731E8D18543}.Release|Any CPU.ActiveCfg = Release|Any CPU
		{BEEE1295-4857-4004-9136-7731E8D18543}.Release|Any CPU.Build.0 = Release|Any CPU
		{8C3DFF82-D84E-458E-83AF-FC76F9B4BB70}.Debug|Any CPU.ActiveCfg = Debug|Any CPU
		{8C3DFF82-D84E-458E-83AF-FC76F9B4BB70}.Debug|Any CPU.Build.0 = Debug|Any CPU
		{8C3DFF82-D84E-458E-83AF-FC76F9B4BB70}.Release|Any CPU.ActiveCfg = Release|Any CPU
		{8C3DFF82-D84E-458E-83AF-FC76F9B4BB70}.Release|Any CPU.Build.0 = Release|Any CPU
	EndGlobalSection
	GlobalSection(SolutionProperties) = preSolution
		HideSolutionNode = FALSE
	EndGlobalSection
	GlobalSection(ExtensibilityGlobals) = postSolution
		SolutionGuid = {35E68405-2CAF-44C0-AE7B-E57703366260}
	EndGlobalSection
EndGlobal
